
Microsoft Visual Studio Solution File, Format Version 12.00
# Visual Studio Version 16
VisualStudioVersion = 16.0.30330.147
MinimumVisualStudioVersion = 10.0.40219.1
Project("{FAE04EC0-301F-11D3-BF4B-00C04F79EFBC}") = "SpecFlowJuegoMinas", "SpecFlowJuegoMinas\SpecFlowJuegoMinas.csproj", "{284EE6DF-2676-4660-8A2C-E6E2E0033440}"
EndProject
Project("{FAE04EC0-301F-11D3-BF4B-00C04F79EFBC}") = "Juego", "Juego\Juego.csproj", "{C2F714A4-5769-46C1-86DE-ECCFE4132C1F}"
EndProject
Global
	GlobalSection(SolutionConfigurationPlatforms) = preSolution
		Debug|Any CPU = Debug|Any CPU
		Release|Any CPU = Release|Any CPU
	EndGlobalSection
	GlobalSection(ProjectConfigurationPlatforms) = postSolution
		{284EE6DF-2676-4660-8A2C-E6E2E0033440}.Debug|Any CPU.ActiveCfg = Debug|Any CPU
		{284EE6DF-2676-4660-8A2C-E6E2E0033440}.Debug|Any CPU.Build.0 = Debug|Any CPU
		{284EE6DF-2676-4660-8A2C-E6E2E0033440}.Release|Any CPU.ActiveCfg = Release|Any CPU
		{284EE6DF-2676-4660-8A2C-E6E2E0033440}.Release|Any CPU.Build.0 = Release|Any CPU
		{C2F714A4-5769-46C1-86DE-ECCFE4132C1F}.Debug|Any CPU.ActiveCfg = Debug|Any CPU
		{C2F714A4-5769-46C1-86DE-ECCFE4132C1F}.Debug|Any CPU.Build.0 = Debug|Any CPU
		{C2F714A4-5769-46C1-86DE-ECCFE4132C1F}.Release|Any CPU.ActiveCfg = Release|Any CPU
		{C2F714A4-5769-46C1-86DE-ECCFE4132C1F}.Release|Any CPU.Build.0 = Release|Any CPU
	EndGlobalSection
	GlobalSection(SolutionProperties) = preSolution
		HideSolutionNode = FALSE
	EndGlobalSection
	GlobalSection(ExtensibilityGlobals) = postSolution
		SolutionGuid = {A4D77177-727D-48FA-8060-F0DC31A8C61E}
	EndGlobalSection
EndGlobal
